
Microsoft Visual Studio Solution File, Format Version 12.00
# Visual Studio 15
Project("{FAE04EC0-301F-11D3-BF4B-00C04F79EFBC}") = "qList", "qList\qList.csproj", "{BB151340-6C1D-4D99-9A4B-BF4574D3A74B}"
EndProject
Global
	GlobalSection(SolutionConfigurationPlatforms) = preSolution
		Debug|Any CPU = Debug|Any CPU
		Release|Any CPU = Release|Any CPU
	EndGlobalSection
	GlobalSection(ProjectConfigurationPlatforms) = postSolution
		{BB151340-6C1D-4D99-9A4B-BF4574D3A74B}.Debug|Any CPU.ActiveCfg = Debug|Any CPU
		{BB151340-6C1D-4D99-9A4B-BF4574D3A74B}.Debug|Any CPU.Build.0 = Debug|Any CPU
		{BB151340-6C1D-4D99-9A4B-BF4574D3A74B}.Release|Any CPU.ActiveCfg = Release|Any CPU
		{BB151340-6C1D-4D99-9A4B-BF4574D3A74B}.Release|Any CPU.Build.0 = Release|Any CPU
	EndGlobalSection
EndGlobal
